
Microsoft Visual Studio Solution File, Format Version 12.00
# Visual Studio Version 17
VisualStudioVersion = 17.3.32819.101
MinimumVisualStudioVersion = 10.0.40219.1
Project("{FAE04EC0-301F-11D3-BF4B-00C04F79EFBC}") = "ReactAuthDemo.Web", "ReactAuthDemo.Web\ReactAuthDemo.Web.csproj", "{B069013E-44AE-495E-9DBC-E4773CE142C4}"
EndProject
Project("{FAE04EC0-301F-11D3-BF4B-00C04F79EFBC}") = "ReactAuthDemo.Data", "ReactAuthDemo.Data\ReactAuthDemo.Data.csproj", "{47DCFD71-3312-43E3-B384-1666194A6C14}"
EndProject
Global
	GlobalSection(SolutionConfigurationPlatforms) = preSolution
		Debug|Any CPU = Debug|Any CPU
		Release|Any CPU = Release|Any CPU
	EndGlobalSection
	GlobalSection(ProjectConfigurationPlatforms) = postSolution
		{B069013E-44AE-495E-9DBC-E4773CE142C4}.Debug|Any CPU.ActiveCfg = Debug|Any CPU
		{B069013E-44AE-495E-9DBC-E4773CE142C4}.Debug|Any CPU.Build.0 = Debug|Any CPU
		{B069013E-44AE-495E-9DBC-E4773CE142C4}.Release|Any CPU.ActiveCfg = Release|Any CPU
		{B069013E-44AE-495E-9DBC-E4773CE142C4}.Release|Any CPU.Build.0 = Release|Any CPU
		{47DCFD71-3312-43E3-B384-1666194A6C14}.Debug|Any CPU.ActiveCfg = Debug|Any CPU
		{47DCFD71-3312-43E3-B384-1666194A6C14}.Debug|Any CPU.Build.0 = Debug|Any CPU
		{47DCFD71-3312-43E3-B384-1666194A6C14}.Release|Any CPU.ActiveCfg = Release|Any CPU
		{47DCFD71-3312-43E3-B384-1666194A6C14}.Release|Any CPU.Build.0 = Release|Any CPU
	EndGlobalSection
	GlobalSection(SolutionProperties) = preSolution
		HideSolutionNode = FALSE
	EndGlobalSection
	GlobalSection(ExtensibilityGlobals) = postSolution
		SolutionGuid = {5C803E4B-76B1-4F3B-B440-F43BC7998BB4}
	EndGlobalSection
EndGlobal
